
Microsoft Visual Studio Solution File, Format Version 12.00
# Visual Studio Version 16
VisualStudioVersion = 16.0.33328.57
MinimumVisualStudioVersion = 10.0.40219.1
Project("{FAE04EC0-301F-11D3-BF4B-00C04F79EFBC}") = "WebApIDemo", "WebApIDemo\WebApIDemo.csproj", "{5D70CED1-94D2-499E-8117-2C47B984AF8F}"
EndProject
Global
	GlobalSection(SolutionConfigurationPlatforms) = preSolution
		Debug|Any CPU = Debug|Any CPU
		Release|Any CPU = Release|Any CPU
	EndGlobalSection
	GlobalSection(ProjectConfigurationPlatforms) = postSolution
		{5D70CED1-94D2-499E-8117-2C47B984AF8F}.Debug|Any CPU.ActiveCfg = Debug|Any CPU
		{5D70CED1-94D2-499E-8117-2C47B984AF8F}.Debug|Any CPU.Build.0 = Debug|Any CPU
		{5D70CED1-94D2-499E-8117-2C47B984AF8F}.Release|Any CPU.ActiveCfg = Release|Any CPU
		{5D70CED1-94D2-499E-8117-2C47B984AF8F}.Release|Any CPU.Build.0 = Release|Any CPU
	EndGlobalSection
	GlobalSection(SolutionProperties) = preSolution
		HideSolutionNode = FALSE
	EndGlobalSection
	GlobalSection(ExtensibilityGlobals) = postSolution
		SolutionGuid = {27414C91-4BC8-4532-A599-23C3D8EE72A1}
	EndGlobalSection
EndGlobal
